
Microsoft Visual Studio Solution File, Format Version 12.00
# Visual Studio 15
VisualStudioVersion = 15.0.27428.2015
MinimumVisualStudioVersion = 10.0.40219.1
Project("{FAE04EC0-301F-11D3-BF4B-00C04F79EFBC}") = "Wave.Financial", "Wave.Financial\Wave.Financial.csproj", "{96D82722-5B9D-4BC1-94B2-6938EFBBED3C}"
EndProject
Project("{FAE04EC0-301F-11D3-BF4B-00C04F79EFBC}") = "Wave.Essential", "Wave.Essential\Wave.Essential.csproj", "{8FF980AA-A750-4BAC-BE77-3577FA61E4C2}"
EndProject
Project("{FAE04EC0-301F-11D3-BF4B-00C04F79EFBC}") = "Wave.Data", "Wave.Data\Wave.Data.csproj", "{C3B9A715-75EE-41CE-B3E3-B540EE4FF2B6}"
EndProject
Project("{FAE04EC0-301F-11D3-BF4B-00C04F79EFBC}") = "Wave.Domain", "Wave.Domain\Wave.Domain.csproj", "{18C62434-6676-4137-B0BC-748748B9354D}"
EndProject
Global
	GlobalSection(SolutionConfigurationPlatforms) = preSolution
		Debug|Any CPU = Debug|Any CPU
		Release|Any CPU = Release|Any CPU
	EndGlobalSection
	GlobalSection(ProjectConfigurationPlatforms) = postSolution
		{96D82722-5B9D-4BC1-94B2-6938EFBBED3C}.Debug|Any CPU.ActiveCfg = Debug|Any CPU
		{96D82722-5B9D-4BC1-94B2-6938EFBBED3C}.Debug|Any CPU.Build.0 = Debug|Any CPU
		{96D82722-5B9D-4BC1-94B2-6938EFBBED3C}.Release|Any CPU.ActiveCfg = Release|Any CPU
		{96D82722-5B9D-4BC1-94B2-6938EFBBED3C}.Release|Any CPU.Build.0 = Release|Any CPU
		{8FF980AA-A750-4BAC-BE77-3577FA61E4C2}.Debug|Any CPU.ActiveCfg = Debug|Any CPU
		{8FF980AA-A750-4BAC-BE77-3577FA61E4C2}.Debug|Any CPU.Build.0 = Debug|Any CPU
		{8FF980AA-A750-4BAC-BE77-3577FA61E4C2}.Release|Any CPU.ActiveCfg = Release|Any CPU
		{8FF980AA-A750-4BAC-BE77-3577FA61E4C2}.Release|Any CPU.Build.0 = Release|Any CPU
		{C3B9A715-75EE-41CE-B3E3-B540EE4FF2B6}.Debug|Any CPU.ActiveCfg = Debug|Any CPU
		{C3B9A715-75EE-41CE-B3E3-B540EE4FF2B6}.Debug|Any CPU.Build.0 = Debug|Any CPU
		{C3B9A715-75EE-41CE-B3E3-B540EE4FF2B6}.Release|Any CPU.ActiveCfg = Release|Any CPU
		{C3B9A715-75EE-41CE-B3E3-B540EE4FF2B6}.Release|Any CPU.Build.0 = Release|Any CPU
		{18C62434-6676-4137-B0BC-748748B9354D}.Debug|Any CPU.ActiveCfg = Debug|Any CPU
		{18C62434-6676-4137-B0BC-748748B9354D}.Debug|Any CPU.Build.0 = Debug|Any CPU
		{18C62434-6676-4137-B0BC-748748B9354D}.Release|Any CPU.ActiveCfg = Release|Any CPU
		{18C62434-6676-4137-B0BC-748748B9354D}.Release|Any CPU.Build.0 = Release|Any CPU
	EndGlobalSection
	GlobalSection(SolutionProperties) = preSolution
		HideSolutionNode = FALSE
	EndGlobalSection
	GlobalSection(ExtensibilityGlobals) = postSolution
		SolutionGuid = {5D7EC282-F07D-441E-A560-C4CF32890181}
	EndGlobalSection
EndGlobal
